
Microsoft Visual Studio Solution File, Format Version 12.00
# Visual Studio Version 17
VisualStudioVersion = 17.5.33516.290
MinimumVisualStudioVersion = 10.0.40219.1
Project("{9A19103F-16F7-4668-BE54-9A1E7A4F7556}") = "noteit-aspnetserver", "noteit-aspnetserver\noteit-aspnetserver.csproj", "{EAF364D1-3447-4920-8ED3-DB7BDE3A881C}"
EndProject
Project("{2150E333-8FDC-42A3-9474-1A3956D46DE8}") = "Solution Items", "Solution Items", "{00C92E35-39CA-4BEE-BC30-54C867696C8D}"
	ProjectSection(SolutionItems) = preProject
		README.md = README.md
	EndProjectSection
EndProject
Global
	GlobalSection(SolutionConfigurationPlatforms) = preSolution
		Debug|Any CPU = Debug|Any CPU
		Release|Any CPU = Release|Any CPU
	EndGlobalSection
	GlobalSection(ProjectConfigurationPlatforms) = postSolution
		{EAF364D1-3447-4920-8ED3-DB7BDE3A881C}.Debug|Any CPU.ActiveCfg = Debug|Any CPU
		{EAF364D1-3447-4920-8ED3-DB7BDE3A881C}.Debug|Any CPU.Build.0 = Debug|Any CPU
		{EAF364D1-3447-4920-8ED3-DB7BDE3A881C}.Release|Any CPU.ActiveCfg = Release|Any CPU
		{EAF364D1-3447-4920-8ED3-DB7BDE3A881C}.Release|Any CPU.Build.0 = Release|Any CPU
	EndGlobalSection
	GlobalSection(SolutionProperties) = preSolution
		HideSolutionNode = FALSE
	EndGlobalSection
	GlobalSection(ExtensibilityGlobals) = postSolution
		SolutionGuid = {BE38A515-A4F0-4C03-ADF0-D04C64C293AC}
	EndGlobalSection
EndGlobal
